
Microsoft Visual Studio Solution File, Format Version 12.00
# Visual Studio Version 16
VisualStudioVersion = 16.0.30011.22
MinimumVisualStudioVersion = 10.0.40219.1
Project("{FAE04EC0-301F-11D3-BF4B-00C04F79EFBC}") = "MatrixCalc", "MatrixCalc.csproj", "{9F960097-9141-4DD9-97BC-E7166F194365}"
EndProject
Global
	GlobalSection(SolutionConfigurationPlatforms) = preSolution
		Debug|Any CPU = Debug|Any CPU
		Release|Any CPU = Release|Any CPU
	EndGlobalSection
	GlobalSection(ProjectConfigurationPlatforms) = postSolution
		{9F960097-9141-4DD9-97BC-E7166F194365}.Debug|Any CPU.ActiveCfg = Debug|Any CPU
		{9F960097-9141-4DD9-97BC-E7166F194365}.Debug|Any CPU.Build.0 = Debug|Any CPU
		{9F960097-9141-4DD9-97BC-E7166F194365}.Release|Any CPU.ActiveCfg = Release|Any CPU
		{9F960097-9141-4DD9-97BC-E7166F194365}.Release|Any CPU.Build.0 = Release|Any CPU
	EndGlobalSection
	GlobalSection(SolutionProperties) = preSolution
		HideSolutionNode = FALSE
	EndGlobalSection
	GlobalSection(ExtensibilityGlobals) = postSolution
		SolutionGuid = {DA707CF0-3C60-438B-A1D2-F66EF39CED5D}
	EndGlobalSection
EndGlobal
